langcode: en
status: true
dependencies:
  module:
    - muser_project
    - system
    - user
  theme:
    - muser_base
id: muserapplicationreviewheaderblock
theme: muser_base
region: content
weight: -8
provider: null
plugin: muser_application_review_header_block
settings:
  id: muser_application_review_header_block
  label: 'Muser Application review header block'
  label_display: '0'
  provider: muser_project
visibility:
  request_path:
    id: request_path
    negate: false
    context_mapping: {  }
    pages: "/mentor/*/applications\r\n/mentor/*/applications/*"
  user_role:
    id: user_role
    negate: false
    context_mapping:
      user: '@user.current_user_context:current_user'
    roles:
      administrator: administrator
      site_admin: site_admin
      mentor: mentor
