langcode: en
status: true
dependencies:
  module:
    - muser_project
    - system
    - user
  theme:
    - muser_base
id: musermyprojectsheaderblock
theme: muser_base
region: content
weight: -7
provider: null
plugin: muser_my_projects_header_block
settings:
  id: muser_my_projects_header_block
  label: 'Muser My projects header block'
  label_display: '0'
  provider: muser_project
visibility:
  request_path:
    id: request_path
    negate: false
    context_mapping: {  }
    pages: "/mentor/*/projects\r\n/projects"
  user_role:
    id: user_role
    negate: false
    context_mapping:
      user: '@user.current_user_context:current_user'
    roles:
      administrator: administrator
      site_admin: site_admin
      mentor: mentor
