langcode: en
status: true
dependencies:
  config:
    - views.view.staff_members
  module:
    - system
    - views
  theme:
    - muser_base
id: muser_base_views_block__staff_members_block
theme: muser_base
region: content
weight: -5
provider: null
plugin: 'views_block:staff_members-block'
settings:
  id: 'views_block:staff_members-block'
  label: ''
  label_display: visible
  provider: views
  views_label: ''
  items_per_page: none
visibility:
  request_path:
    id: request_path
    negate: false
    context_mapping: {  }
    pages: /about-us
